
Microsoft Visual Studio Solution File, Format Version 12.00
# Visual Studio Version 16
VisualStudioVersion = 16.0.29728.190
MinimumVisualStudioVersion = 10.0.40219.1
Project("{FAE04EC0-301F-11D3-BF4B-00C04F79EFBC}") = "Voxel.POC.ExcelExpot", "Voxel.POC.ExcelExpot.csproj", "{8799BCF6-771B-410F-98EC-D230B3DB3953}"
EndProject
Global
	GlobalSection(SolutionConfigurationPlatforms) = preSolution
		Debug|Any CPU = Debug|Any CPU
		Release|Any CPU = Release|Any CPU
	EndGlobalSection
	GlobalSection(ProjectConfigurationPlatforms) = postSolution
		{8799BCF6-771B-410F-98EC-D230B3DB3953}.Debug|Any CPU.ActiveCfg = Debug|Any CPU
		{8799BCF6-771B-410F-98EC-D230B3DB3953}.Debug|Any CPU.Build.0 = Debug|Any CPU
		{8799BCF6-771B-410F-98EC-D230B3DB3953}.Release|Any CPU.ActiveCfg = Release|Any CPU
		{8799BCF6-771B-410F-98EC-D230B3DB3953}.Release|Any CPU.Build.0 = Release|Any CPU
	EndGlobalSection
	GlobalSection(SolutionProperties) = preSolution
		HideSolutionNode = FALSE
	EndGlobalSection
	GlobalSection(ExtensibilityGlobals) = postSolution
		SolutionGuid = {BE86BD52-9EF0-4B9A-9D9B-B80820B62E36}
	EndGlobalSection
EndGlobal
